github.com/auth0/go-jwt-middleware/v2 v2.2.1 h1:pqxEIwlCztD0T9ZygGfOrw4NK/F9iotnCnPJVADKbkE=
github.com/auth0/go-jwt-middleware/v2 v2.2.1/go.mod h1:CSi0tuu0QrALbWdiQZwqFL8SbBhj4e2MJzkvNfjY0Us=
github.com/cristalhq/jwt/v3 v3.1.0/go.mod h1:XOnIXst8ozq/esy5N1XOlSyQqBd+84fxJ99FK+1jgL8=
github.com/davecgh/go-spew v1.1.1 h1:vj9j/u1bqnvCEfJOwUhtlOARqs3+rkHYY13jYWTU97c=
github.com/davecgh/go-spew v1.1.1/go.mod h1:J7Y8YcW2NihsgmVo/mv3lAwl/skON4iLHjSsI+c5H38=
github.com/golang-jwt/jwt v3.2.2+incompatible h1:IfV12K8xAKAnZqdXVzCZ+TOjboZ2keLg81eXfW3O+oY=
github.com/golang-jwt/jwt v3.2.2+incompatible/go.mod h1:8pz2t5EyA70fFQQSrl6XZXzqecmYZeUEB8OUGHkxJ+I=
github.com/google/go-cmp v0.6.0 h1:ofyhxvXcZhMsU5ulbFiLKl/XBFqE1GSq7atu8tAmTRI=
github.com/google/go-cmp v0.6.0/go.mod h1:17dUlkBOakJ0+DkrSSNjCkIjxS6bF9zb3elmeNGIjoY=
github.com/hetiansu5/urlquery v1.2.7/go.mod h1:wFpZdTHRdwt7mk0EM/DdZEWtEN4xf8HJoH/BLXm/PG0=
github.com/joho/godotenv v1.4.0/go.mod h1:f4LDr5Voq0i2e/R5DDNOoa2zzDfwtkZa6DnEwAbqwq4=
github.com/joho/godotenv v1.5.1 h1:7eLL/+HRGLY0ldzfGMeQkb7vMd0as4CfYvUVzLqw0N0=
github.com/joho/godotenv v1.5.1/go.mod h1:f4LDr5Voq0i2e/R5DDNOoa2zzDfwtkZa6DnEwAbqwq4=
github.com/pmezard/go-difflib v1.0.0 h1:4DBwDE0NGyQoBHbLQYPwSUPoCMWR5BEzIk/f1lZbAQM=
github.com/pmezard/go-difflib v1.0.0/go.mod h1:iKH77koFhYxTK1pcRnkKkqfTogsbg7gZNVY4sRDYZ/4=
github.com/sirupsen/logrus v1.8.1 h1:dJKuHgqk1NNQlqoA6BTlM1Wf9DOH3NBjQyu0h9+AZZE=
github.com/sirupsen/logrus v1.8.1/go.mod h1:yWOB1SBYBC5VeMP7gHvWumXLIWorT60ONWic61uBYv0=
github.com/skyflowapi/skyflow-go/commonutils v0.0.0-20220315112934-3c8113d9d693/go.mod h1:C9IH9lBmu32OoVAFtwEUw9aN3bXG8lSVNy8K1fw69UY=
github.com/skyflowapi/skyflow-go/commonutils v0.0.0-20231031082702-92eed6eb74b5 h1:E7ydAFkSeRyBggnzK/fPXvhKqVbLn2sEPKgA0uOzQeg=
github.com/skyflowapi/skyflow-go/commonutils v0.0.0-20231031082702-92eed6eb74b5/go.mod h1:C9IH9lBmu32OoVAFtwEUw9aN3bXG8lSVNy8K1fw69UY=
github.com/skyflowapi/skyflow-go/service-account v0.0.0-20220726093601-000409040f22/go.mod h1:LBNohJDFCg7v1hg+F563rowtQSwQozD80HevGQ536wE=
github.com/skyflowapi/skyflow-go/serviceaccount v0.0.0-20240722072810-4c3e19ac8360 h1:KojFeeqtSWyglqGm6eZNc2xQ+HAOXozgBbRm23mlbpE=
github.com/skyflowapi/skyflow-go/serviceaccount v0.0.0-20240722072810-4c3e19ac8360/go.mod h1:AL67fN+eEm777DYDmX3j+aDYeA/wrp/m0+dGMW/IWBs=
github.com/skyflowapi/skyflow-go/skyflow v0.0.0-20231031091049-3cf64b759f31 h1:lCxdz9eb4w64ZN12Z+wAunL5j7ymhhm3fFGEIv6m1rc=
github.com/skyflowapi/skyflow-go/skyflow v0.0.0-20231031091049-3cf64b759f31/go.mod h1:k62C/yrwW+y1Yi265avPiEa1cHB9Yyh3VWqp/26g4xg=
github.com/stretchr/testify v1.2.2/go.mod h1:a8OnRcib4nhh0OaRAV+Yts87kKdq0PP7pXfy6kDkUVs=
github.com/stretchr/testify v1.9.0 h1:HtqpIVDClZ4nwg75+f6Lvsy/wHu+3BoSGCbBAcpTsTg=
github.com/stretchr/testify v1.9.0/go.mod h1:r2ic/lqez/lEtzL7wO/rwa5dbSLXVDPFyf8C91i36aY=
golang.org/x/crypto v0.22.0 h1:g1v0xeRhjcugydODzvb3mEM9SQ0HGp9s/nh3COQ/C30=
golang.org/x/crypto v0.22.0/go.mod h1:vr6Su+7cTlO45qkww3VDJlzDn0ctJvRgYbC2NvXHt+M=
golang.org/x/sync v0.6.0 h1:5BMeUDZ7vkXGfEr1x9B4bRcTH4lpkTkpdh0T/J+qjbQ=
golang.org/x/sync v0.6.0/go.mod h1:Czt+wKu1gCyEFDUtn0jG5QVvpJ6rzVqr5aXyt9drQfk=
golang.org/x/sys v0.0.0-20191026070338-33540a1f6037/go.mod h1:h1NjWce9XRLGQEsW7wpKNCjG9DtNlClVuFLEZdDNbEs=
golang.org/x/sys v0.19.0 h1:q5f1RH2jigJ1MoAWp2KTp3gm5zAGFUTarQZ5U386+4o=
golang.org/x/sys v0.19.0/go.mod h1:/VUhepiaJMQUp4+oa/7Zr1D23ma6VTLIYjOOTFZPUcA=
gopkg.in/check.v1 v0.0.0-20161208181325-20d25e280405/go.mod h1:Co6ibVJAznAaIkqp8huTwlJQCZ016jof/cbN4VW5Yz0=
gopkg.in/go-jose/go-jose.v2 v2.6.2 h1:Rl5+9rA0kG3vsO1qhncMPRT5eHICihAMQYJkD7u/i4M=
gopkg.in/go-jose/go-jose.v2 v2.6.2/go.mod h1:zzZDPkNNw/c9IE7Z9jr11mBZQhKQTMzoEEIoEdZlFBI=
gopkg.in/yaml.v2 v2.4.0/go.mod h1:RDklbk79AGWmwhnvt/jBztapEOGDOx6ZbXqjP6csGnQ=
gopkg.in/yaml.v3 v3.0.1 h1:fxVm/GzAzEWqLHuvctI91KS9hhNmmWOoWu0XTYJS7CA=
gopkg.in/yaml.v3 v3.0.1/go.mod h1:K4uyk7z7BCEPqu6E+C64Yfv1cQ7kz7rIZviUmN+EgEM=
